dependencies:
- name: cert-manager
  repository: https://charts.jetstack.io
  version: v1.8.0
- name: external-dns
  repository: https://kubernetes-sigs.github.io/external-dns
  version: 1.9.0
- name: ingress-nginx
  repository: https://kubernetes.github.io/ingress-nginx
  version: 4.1.1
- name: kube-prometheus-stack
  repository: https://prometheus-community.github.io/helm-charts
  version: 35.4.2
- name: prometheus-json-exporter
  repository: https://prometheus-community.github.io/helm-charts
  version: 0.2.1
- name: thanos
  repository: https://charts.bitnami.com/bitnami
  version: 10.5.0
digest: sha256:ede8737781e7655e0b2499c50a9d60648d7785c1b59f99ee41ac88a4b24c94a2
generated: "2022-06-07T15:36:27.922728-07:00"
